# THIS IS AN AUTOGENERATED FILE. DO NOT EDIT THIS FILE DIRECTLY.
# yarn lockfile v1


"@cspotcode/source-map-consumer@0.8.0":
  version "0.8.0"
  resolved "https://registry.yarnpkg.com/@cspotcode/source-map-consumer/-/source-map-consumer-0.8.0.tgz#33bf4b7b39c178821606f669bbc447a6a629786b"
  integrity sha512-41qniHzTU8yAGbCp04ohlmSrZf8bkf/iJsl3V0dRGsQN/5GFfx+LbCSsCpp2gqrqjTVg/K6O8ycoV35JIwAzAg==

"@cspotcode/source-map-support@0.7.0":
  version "0.7.0"
  resolved "https://registry.yarnpkg.com/@cspotcode/source-map-support/-/source-map-support-0.7.0.tgz#4789840aa859e46d2f3173727ab707c66bf344f5"
  integrity sha512-X4xqRHqN8ACt2aHVe51OxeA2HjbcL4MqFqXkrmQszJ1NOUuUu5u6Vqx/0lZSVNku7velL5FC/s5uEAj1lsBMhA==
  dependencies:
    "@cspotcode/source-map-consumer" "0.8.0"

"@thi.ng/api@^8.3.2", "@thi.ng/api@^8.3.3":
  version "8.3.3"
  resolved "https://registry.yarnpkg.com/@thi.ng/api/-/api-8.3.3.tgz#9e43d15c096f5a2990a7cf4633d3c7c8cea34e23"
  integrity sha512-P7rnhwTvZYj6MZ8TG45Dv4E//FamDTj752qu6sZZr6OFy7+OTHditNdA03y+WWjp5lvCCnxDFcruRfgglS4wGg==

"@thi.ng/args@^2.1.3":
  version "2.1.4"
  resolved "https://registry.yarnpkg.com/@thi.ng/args/-/args-2.1.4.tgz#791a1b4011dd134e03bc7f0057d087d3376e83ca"
  integrity sha512-m6duPkdBw/537GlWzt4QQwkapRxCQRc2IiRkNdvQhM/vrNB+8tfJKGPtIGcz2rTsyk3IGf7u+FAJU+DgVt6CAw==
  dependencies:
    "@thi.ng/api" "^8.3.3"
    "@thi.ng/checks" "^3.1.3"
    "@thi.ng/errors" "^2.1.3"
    "@thi.ng/strings" "^3.3.1"

"@thi.ng/arrays@^2.1.3":
  version "2.1.3"
  resolved "https://registry.yarnpkg.com/@thi.ng/arrays/-/arrays-2.1.3.tgz#5d8452b937aa252a9beb5ef9e1b0af416f3b8f4d"
  integrity sha512-GoE6U4OwSWk8B6isBgRI5YfQCsChETL4wGtuOPtexrDEi6yBTZG6dIXCyWLfrhFDI0tTUiKsfTDaYa2FHA0ICA==
  dependencies:
    "@thi.ng/api" "^8.3.3"
    "@thi.ng/checks" "^3.1.3"
    "@thi.ng/compare" "^2.1.3"
    "@thi.ng/equiv" "^2.1.3"
    "@thi.ng/errors" "^2.1.3"
    "@thi.ng/random" "^3.2.3"

"@thi.ng/associative@^6.1.3":
  version "6.1.3"
  resolved "https://registry.yarnpkg.com/@thi.ng/associative/-/associative-6.1.3.tgz#f3b8aea1948ceebb2131377dbc7b7db4349e12cd"
  integrity sha512-akxFTmnZmUdUcXJ/+4tQnYd/X+C5o1OSVuof60ZxqCqayYEnJq8g7XCnv2CIqaDJ1FIVsIq/GZkr0GuhDVuaoQ==
  dependencies:
    "@thi.ng/api" "^8.3.3"
    "@thi.ng/arrays" "^2.1.3"
    "@thi.ng/binary" "^3.1.3"
    "@thi.ng/checks" "^3.1.3"
    "@thi.ng/compare" "^2.1.3"
    "@thi.ng/dcons" "^3.1.3"
    "@thi.ng/equiv" "^2.1.3"
    "@thi.ng/errors" "^2.1.3"
    "@thi.ng/transducers" "^8.1.3"
    tslib "^2.3.1"

"@thi.ng/atom@^5.1.3":
  version "5.1.3"
  resolved "https://registry.yarnpkg.com/@thi.ng/atom/-/atom-5.1.3.tgz#f2d567d6c204878127de8daa85cfe6e0c78c8e93"
  integrity sha512-djUnnsvFcvDLKtQjGsW082gm+1lUtyBFGTt6pUNui62nYUT36eYi/mUn2+0Eg2jpQod55Lu/0Iw1g3/XU+Wc/A==
  dependencies:
    "@thi.ng/api" "^8.3.3"
    "@thi.ng/equiv" "^2.1.3"
    "@thi.ng/errors" "^2.1.3"
    "@thi.ng/paths" "^5.1.3"
    tslib "^2.3.1"

"@thi.ng/bench@^3.1.2":
  version "3.1.3"
  resolved "https://registry.yarnpkg.com/@thi.ng/bench/-/bench-3.1.3.tgz#babd1b93196eca2ade6ca8187f60364b93f8772c"
  integrity sha512-19WZlbwwklSsM1G2t3Qd2wqgEajZ+QuF2yeeAbFCNmvRKsLh38RN+yhPRObe3diWZuxW0ytkPbvMq1C/5iXxzg==
  dependencies:
    "@thi.ng/api" "^8.3.3"

"@thi.ng/binary@^3.1.3":
  version "3.1.3"
  resolved "https://registry.yarnpkg.com/@thi.ng/binary/-/binary-3.1.3.tgz#3fde90fe55fff62cad256d7c78c5c0a814e4ecc4"
  integrity sha512-b8pcmwYXhhzFewqiLQ0IV9f6p67JMsa8s7pB/WqWDADra61oePK9YHfSiUB8CywujoeHGvL26AriwIE56sY97A==
  dependencies:
    "@thi.ng/api" "^8.3.3"

"@thi.ng/checks@^3.1.2", "@thi.ng/checks@^3.1.3":
  version "3.1.3"
  resolved "https://registry.yarnpkg.com/@thi.ng/checks/-/checks-3.1.3.tgz#6afe7f57fbf296542932502a2789b5662d610b43"
  integrity sha512-59dMUqbFDF3VrTzNBfrO6OvpUJ7x0xcFAOkpO+gyJ7w9EAdPb8EF/Sl9vLdOIPAmUddypEx4r/x+2/BS5jmXiA==
  dependencies:
    tslib "^2.3.1"

"@thi.ng/compare@^2.1.3":
  version "2.1.3"
  resolved "https://registry.yarnpkg.com/@thi.ng/compare/-/compare-2.1.3.tgz#0e6170f9de0aa859daddfed52f7ced552ba6e39e"
  integrity sha512-35db4UwsJgcKBwSyBDqoeGF/qVTqiBJITxtJMh9qfHGdpWz26cmNOdTQA85/n7YbYUO3g3QIFnqFpaCG+h12Ag==
  dependencies:
    "@thi.ng/api" "^8.3.3"

"@thi.ng/compose@^2.1.3":
  version "2.1.3"
  resolved "https://registry.yarnpkg.com/@thi.ng/compose/-/compose-2.1.3.tgz#a74016db3cbf36db29f57ec64918dbd10c81335c"
  integrity sha512-tyJMLt1AOLLHd/zrhlEvQuXyk1j69/2yV7fZ6/11m+S2ipnINQLIihw5lAmN9dV65z5T+A5fdzuGpFOApXgdnw==
  dependencies:
    "@thi.ng/api" "^8.3.3"
    "@thi.ng/errors" "^2.1.3"

"@thi.ng/date@^2.1.3":
  version "2.1.4"
  resolved "https://registry.yarnpkg.com/@thi.ng/date/-/date-2.1.4.tgz#351ff8edd97fa23e2ea710a80d21c6c90a607366"
  integrity sha512-GKPNufBL/gCPAj30RevZtTMjoSJ6FF4whxd+28Qq/4Lx+PGPF7CGd2eiYrqhMb/16lW7rTyEMQdmYzZ3Uz5OKg==
  dependencies:
    "@thi.ng/api" "^8.3.3"
    "@thi.ng/checks" "^3.1.3"
    "@thi.ng/strings" "^3.3.1"

"@thi.ng/dcons@^3.1.3":
  version "3.1.3"
  resolved "https://registry.yarnpkg.com/@thi.ng/dcons/-/dcons-3.1.3.tgz#acc34fb443cdf0f27c5f767a4f43f5a5f2c69744"
  integrity sha512-FPbVtH2OaCzqPfUKrQNHwCqjvTulXxwfCuFfOivelCeYPmCTT1hpBlgq+n/21CWSp1ROmNXUUIfNZthVcUoFcg==
  dependencies:
    "@thi.ng/api" "^8.3.3"
    "@thi.ng/checks" "^3.1.3"
    "@thi.ng/compare" "^2.1.3"
    "@thi.ng/equiv" "^2.1.3"
    "@thi.ng/errors" "^2.1.3"
    "@thi.ng/random" "^3.2.3"
    "@thi.ng/transducers" "^8.1.3"

"@thi.ng/dgraph@^2.1.2", "@thi.ng/dgraph@^2.1.3":
  version "2.1.3"
  resolved "https://registry.yarnpkg.com/@thi.ng/dgraph/-/dgraph-2.1.3.tgz#427fad31893872fd1666b776081a6fa90a03f392"
  integrity sha512-gEt6oQYFLTUBaDhudnNdjRmdX2SWpBAAamhk95DgsghrXdLkzopwlvoNCabNJzZZtsXDRRpOgYI5TcUD5PApOg==
  dependencies:
    "@thi.ng/api" "^8.3.3"
    "@thi.ng/associative" "^6.1.3"
    "@thi.ng/equiv" "^2.1.3"
    "@thi.ng/errors" "^2.1.3"
    "@thi.ng/transducers" "^8.1.3"

"@thi.ng/equiv@^2.1.3":
  version "2.1.3"
  resolved "https://registry.yarnpkg.com/@thi.ng/equiv/-/equiv-2.1.3.tgz#be33a5f4906df8f853f12ecb256f7920efe738fd"
  integrity sha512-F80On/wBwYi2NU55DKXzsNyKldm4wLE6wXvYmYz/RVU81eKDdaOWEp8s4ghlm4VfD7tOIpItS6WfoZgFZm98QQ==

"@thi.ng/errors@^2.1.2", "@thi.ng/errors@^2.1.3":
  version "2.1.3"
  resolved "https://registry.yarnpkg.com/@thi.ng/errors/-/errors-2.1.3.tgz#5b71c26085f0dd44eec19229535b05fb28f53b41"
  integrity sha512-1DTxCFo8ucEtKGJm/n1Uptz4iCw1qR2sA20bJXCh0AJHlhbjwuEE/Px7Mi9izzjhH5dG3PBSQ3yoLU9Rzj9DeA==

"@thi.ng/hex@^2.1.3":
  version "2.1.3"
  resolved "https://registry.yarnpkg.com/@thi.ng/hex/-/hex-2.1.3.tgz#34ad0a03302981c80cdf7194c8abe7b6a90ef721"
  integrity sha512-uCX4w4Jqu7KnB6pMdqHNT01gNm7tfsbAmciCobVV+iA4XuhgdPl7YD5w41Fq7y0VmD/oKoXASjKGvLpMgdqDew==

"@thi.ng/logger@^1.1.2", "@thi.ng/logger@^1.1.3":
  version "1.1.3"
  resolved "https://registry.yarnpkg.com/@thi.ng/logger/-/logger-1.1.3.tgz#028c6f47c244ff0de73c70e812991fe7060a3521"
  integrity sha512-lZ12BFKnBa4FLpB9RLGGUL/CXta3oaCku80YwyQNuf2sf35ZKWh29TF4g/3gVSDP+EbGyiLTvayAvTY9mhQTBw==

"@thi.ng/math@^5.2.0":
  version "5.2.0"
  resolved "https://registry.yarnpkg.com/@thi.ng/math/-/math-5.2.0.tgz#32d3955943ed33b3a47efaf53ee12bfc790bc9ad"
  integrity sha512-s2eU7zzW0LV8OMN2Y8y3O0ZzCzLTqC9TjQMO4td026YZ9nfyEHg8lebVFmQEEZUvVRMXCdfKQRA08KqBXjkcig==
  dependencies:
    "@thi.ng/api" "^8.3.3"

"@thi.ng/memoize@^3.1.3":
  version "3.1.3"
  resolved "https://registry.yarnpkg.com/@thi.ng/memoize/-/memoize-3.1.3.tgz#fc4cedf4d1f1b55b707bdc844e4cd36af9ec44ed"
  integrity sha512-OGB+qJf3x6XBzZnjaxFbyYRitp1TUsFtQEaCAryiWPEQWHvaRHPKE3CH8kqwx877B3UnQDuVNSXCs/JhHTbn/w==
  dependencies:
    "@thi.ng/api" "^8.3.3"

"@thi.ng/paths@^5.1.3":
  version "5.1.3"
  resolved "https://registry.yarnpkg.com/@thi.ng/paths/-/paths-5.1.3.tgz#6c058563cab6fbb25d267c6751731af85ca868f0"
  integrity sha512-R5T3lkVcHv86YZoqcihPNIjcSDxSvUyhQmbLwJkiJ32HYsYWufwnj76ZQO0Wr84cUjpXHcVdFzDthcDNKQDIrA==
  dependencies:
    "@thi.ng/api" "^8.3.3"
    "@thi.ng/checks" "^3.1.3"
    "@thi.ng/errors" "^2.1.3"

"@thi.ng/random@^3.2.3":
  version "3.2.3"
  resolved "https://registry.yarnpkg.com/@thi.ng/random/-/random-3.2.3.tgz#c250dbcea28a3ab2d616e746df70a61838217098"
  integrity sha512-41Yvgfh5HdkJHg85f2LSKjxjkt4jL1z1AN7aqSPfmSvyM8Id+PX99a95vfIQWjmWp9wAM1s1Iv0GsHx+SYbE+w==
  dependencies:
    "@thi.ng/api" "^8.3.3"
    "@thi.ng/checks" "^3.1.3"
    "@thi.ng/errors" "^2.1.3"
    "@thi.ng/hex" "^2.1.3"

"@thi.ng/rstream@^7.2.0":
  version "7.2.1"
  resolved "https://registry.yarnpkg.com/@thi.ng/rstream/-/rstream-7.2.1.tgz#0fa22785dfae2b36c45a6822902d805b39280e98"
  integrity sha512-e6kKQ+8puclYV+oLxvbK1i16Iez4qIySj/VzMM3RZDXC8xrGW8V+h0JQIc/LEhjK+PPbdAzThwzu/J811v23RQ==
  dependencies:
    "@thi.ng/api" "^8.3.3"
    "@thi.ng/arrays" "^2.1.3"
    "@thi.ng/associative" "^6.1.3"
    "@thi.ng/atom" "^5.1.3"
    "@thi.ng/checks" "^3.1.3"
    "@thi.ng/errors" "^2.1.3"
    "@thi.ng/logger" "^1.1.3"
    "@thi.ng/transducers" "^8.1.3"

"@thi.ng/strings@^3.3.0", "@thi.ng/strings@^3.3.1":
  version "3.3.1"
  resolved "https://registry.yarnpkg.com/@thi.ng/strings/-/strings-3.3.1.tgz#528256064f157c71eb53041931be0d17cd7f624b"
  integrity sha512-d4Ei/e4R5mpJ2EiTA2HfVxImDHWPf/Uf9lWfulXA/BaPQEN8CpmQx6AYBFHhG1d5a+T27RLJv9fk4IbSPBML1Q==
  dependencies:
    "@thi.ng/api" "^8.3.3"
    "@thi.ng/errors" "^2.1.3"
    "@thi.ng/hex" "^2.1.3"
    "@thi.ng/memoize" "^3.1.3"

"@thi.ng/system@^2.1.2":
  version "2.1.3"
  resolved "https://registry.yarnpkg.com/@thi.ng/system/-/system-2.1.3.tgz#665d6c30c01769dc0504c6f063f9da5561d89eab"
  integrity sha512-AhSjKe9Nye0QX3z/PDHovpnPoiKpk2+KEtgOqH5vTV1aJZ8zKb/SeDpkGI41oqLSqBUMnDjw+vFr+gR2MWAYgA==
  dependencies:
    "@thi.ng/api" "^8.3.3"
    "@thi.ng/dgraph" "^2.1.3"
    "@thi.ng/logger" "^1.1.3"

"@thi.ng/text-format@^1.1.2":
  version "1.1.3"
  resolved "https://registry.yarnpkg.com/@thi.ng/text-format/-/text-format-1.1.3.tgz#21b7ecc34df7db8c344f80b700d668c6fa0e0b31"
  integrity sha512-LMH95i1020nsVNDqOOUVtkS2Nxq1V/b8wO7aIf0Yl75flRlLvgwKuDLGU54fJjy4RzvIl/mDO3wq0qcJRsC7cw==
  dependencies:
    "@thi.ng/api" "^8.3.3"
    "@thi.ng/hex" "^2.1.3"
    "@thi.ng/memoize" "^3.1.3"

"@thi.ng/transducers@^8.1.2", "@thi.ng/transducers@^8.1.3":
  version "8.1.3"
  resolved "https://registry.yarnpkg.com/@thi.ng/transducers/-/transducers-8.1.3.tgz#6431c91215a6cc90c2b35ccee101ece6e3f77c95"
  integrity sha512-w26EHpjt9iCt5m9GFlNXdHxA+giTlCmpBOljdXmMAwQUELIq6Fsjq2fPNdCTeTDU9JeWFg7ePNynCBmZgNdfrQ==
  dependencies:
    "@thi.ng/api" "^8.3.3"
    "@thi.ng/arrays" "^2.1.3"
    "@thi.ng/checks" "^3.1.3"
    "@thi.ng/compare" "^2.1.3"
    "@thi.ng/compose" "^2.1.3"
    "@thi.ng/errors" "^2.1.3"
    "@thi.ng/math" "^5.2.0"
    "@thi.ng/random" "^3.2.3"

"@tsconfig/node10@^1.0.7":
  version "1.0.8"
  resolved "https://registry.yarnpkg.com/@tsconfig/node10/-/node10-1.0.8.tgz#c1e4e80d6f964fbecb3359c43bd48b40f7cadad9"
  integrity sha512-6XFfSQmMgq0CFLY1MslA/CPUfhIL919M1rMsa5lP2P097N2Wd1sSX0tx1u4olM16fLNhtHZpRhedZJphNJqmZg==

"@tsconfig/node12@^1.0.7":
  version "1.0.9"
  resolved "https://registry.yarnpkg.com/@tsconfig/node12/-/node12-1.0.9.tgz#62c1f6dee2ebd9aead80dc3afa56810e58e1a04c"
  integrity sha512-/yBMcem+fbvhSREH+s14YJi18sp7J9jpuhYByADT2rypfajMZZN4WQ6zBGgBKp53NKmqI36wFYDb3yaMPurITw==

"@tsconfig/node14@^1.0.0":
  version "1.0.1"
  resolved "https://registry.yarnpkg.com/@tsconfig/node14/-/node14-1.0.1.tgz#95f2d167ffb9b8d2068b0b235302fafd4df711f2"
  integrity sha512-509r2+yARFfHHE7T6Puu2jjkoycftovhXRqW328PDXTVGKihlb1P8Z9mMZH04ebyajfRY7dedfGynlrFHJUQCg==

"@tsconfig/node16@^1.0.2":
  version "1.0.2"
  resolved "https://registry.yarnpkg.com/@tsconfig/node16/-/node16-1.0.2.tgz#423c77877d0569db20e1fc80885ac4118314010e"
  integrity sha512-eZxlbI8GZscaGS7kkc/trHTT5xgrjH3/1n2JDwusC9iahPKWMRvRjJSAN5mCXviuTGQ/lHnhvv8Q1YTpnfz9gA==

"@types/node@^16.11.11":
  version "16.11.12"
  resolved "https://registry.yarnpkg.com/@types/node/-/node-16.11.12.tgz#ac7fb693ac587ee182c3780c26eb65546a1a3c10"
  integrity sha512-+2Iggwg7PxoO5Kyhvsq9VarmPbIelXP070HMImEpbtGCoyWNINQj4wzjbQCXzdHTRXnqufutJb5KAURZANNBAw==

acorn-walk@^8.1.1:
  version "8.2.0"
  resolved "https://registry.yarnpkg.com/acorn-walk/-/acorn-walk-8.2.0.tgz#741210f2e2426454508853a2f44d0ab83b7f69c1"
  integrity sha512-k+iyHEuPgSw6SbuDpGQM+06HQUa04DZ3o+F6CSzXMvvI5KMvnaEqXe+YVe555R9nn6GPt404fos4wcgpw12SDA==

acorn@^8.4.1:
  version "8.5.0"
  resolved "https://registry.yarnpkg.com/acorn/-/acorn-8.5.0.tgz#4512ccb99b3698c752591e9bb4472e38ad43cee2"
  integrity sha512-yXbYeFy+jUuYd3/CDcg2NkIYE991XYX/bje7LmjJigUciaeO1JR4XxXgCIV1/Zc/dRuFEyw1L0pbA+qynJkW5Q==

arg@^4.1.0:
  version "4.1.3"
  resolved "https://registry.yarnpkg.com/arg/-/arg-4.1.3.tgz#269fc7ad5b8e42cb63c896d5666017261c144089"
  integrity sha512-58S9QDqG0Xx27YwPSt9fJxivjYl432YCwfDMfZ+71RAqUrZef7LrKQZ3LHLOwCS4FLNBplP533Zx895SeOCHvA==

create-require@^1.1.0:
  version "1.1.1"
  resolved "https://registry.yarnpkg.com/create-require/-/create-require-1.1.1.tgz#c1d7e8f1e5f6cfc9ff65f9cd352d37348756c333"
  integrity sha512-dcKFX3jn0MpIaXjisoRvexIJVEKzaq7z2rZKxf+MSr9TkdmHmsU4m2lcLojrj/FHl8mk5VxMmYA+ftRkP/3oKQ==

diff@^4.0.1:
  version "4.0.2"
  resolved "https://registry.yarnpkg.com/diff/-/diff-4.0.2.tgz#60f3aecb89d5fae520c11aa19efc2bb982aade7d"
  integrity sha512-58lmxKSA4BNyLz+HHMUzlOEpg09FV+ev6ZMe3vJihgdxzgcwZ8VoEEPmALCZG9LmqfVoNMMKpttIYTVG6uDY7A==

dotenv@^10.0.0:
  version "10.0.0"
  resolved "https://registry.yarnpkg.com/dotenv/-/dotenv-10.0.0.tgz#3d4227b8fb95f81096cdd2b66653fb2c7085ba81"
  integrity sha512-rlBi9d8jpv9Sf1klPjNfFAuWDjKLwTIJJ/VxtoTwIR6hnZxcEOQCZg2oIL3MWBYw5GpUDKOEnND7LXTbIpQ03Q==

make-error@^1.1.1:
  version "1.3.6"
  resolved "https://registry.yarnpkg.com/make-error/-/make-error-1.3.6.tgz#2eb2e37ea9b67c4891f684a1394799af484cf7a2"
  integrity sha512-s8UhlNe7vPKomQhC1qFelMokr/Sc3AgNbso3n74mVPA5LTZwkB9NlXf4XPamLxJE8h0gh73rM94xvwRT2CVInw==

ts-node@^10.4.0:
  version "10.4.0"
  resolved "https://registry.yarnpkg.com/ts-node/-/ts-node-10.4.0.tgz#680f88945885f4e6cf450e7f0d6223dd404895f7"
  integrity sha512-g0FlPvvCXSIO1JDF6S232P5jPYqBkRL9qly81ZgAOSU7rwI0stphCgd2kLiCrU9DjQCrJMWEqcNSjQL02s6d8A==
  dependencies:
    "@cspotcode/source-map-support" "0.7.0"
    "@tsconfig/node10" "^1.0.7"
    "@tsconfig/node12" "^1.0.7"
    "@tsconfig/node14" "^1.0.0"
    "@tsconfig/node16" "^1.0.2"
    acorn "^8.4.1"
    acorn-walk "^8.1.1"
    arg "^4.1.0"
    create-require "^1.1.0"
    diff "^4.0.1"
    make-error "^1.1.1"
    yn "3.1.1"

tslib@^2.3.1:
  version "2.3.1"
  resolved "https://registry.yarnpkg.com/tslib/-/tslib-2.3.1.tgz#e8a335add5ceae51aa261d32a490158ef042ef01"
  integrity sha512-77EbyPPpMz+FRFRuAFlWMtmgUWGe9UOG2Z25NqCwiIjRhOf5iKGuzSe5P2w1laq+FkRy4p+PCuVkJSGkzTEKVw==

typescript@^4.5.2:
  version "4.5.3"
  resolved "https://registry.yarnpkg.com/typescript/-/typescript-4.5.3.tgz#afaa858e68c7103317d89eb90c5d8906268d353c"
  integrity sha512-eVYaEHALSt+s9LbvgEv4Ef+Tdq7hBiIZgii12xXJnukryt3pMgJf6aKhoCZ3FWQsu6sydEnkg11fYXLzhLBjeQ==

yn@3.1.1:
  version "3.1.1"
  resolved "https://registry.yarnpkg.com/yn/-/yn-3.1.1.tgz#1e87401a09d767c1d5eab26a6e4c185182d2eb50"
  integrity sha512-Ux4ygGWsu2c7isFWe8Yu1YluJmqVhxqK2cLXNQA5AcC3QfbGNpM7fu0Y8b/z16pXLnFxZYvWhd3fhBY9DLmC6Q==
