# THIS IS AN AUTOGENERATED FILE. DO NOT EDIT THIS FILE DIRECTLY.
# yarn lockfile v1


"@cspotcode/source-map-support@^0.8.0":
  version "0.8.1"
  resolved "https://registry.yarnpkg.com/@cspotcode/source-map-support/-/source-map-support-0.8.1.tgz#00629c35a688e05a88b1cda684fb9d5e73f000a1"
  integrity sha512-IchNf6dN4tHoMFIn/7OE8LWZ19Y6q/67Bmf6vnGREv8RSbBVb9LPJxEcnwrcwX6ixSvaiGoomAUvu4YSxXrVgw==
  dependencies:
    "@jridgewell/trace-mapping" "0.3.9"

"@jridgewell/resolve-uri@^3.0.3":
  version "3.0.7"
  resolved "https://registry.yarnpkg.com/@jridgewell/resolve-uri/-/resolve-uri-3.0.7.tgz#30cd49820a962aff48c8fffc5cd760151fca61fe"
  integrity sha512-8cXDaBBHOr2pQ7j77Y6Vp5VDT2sIqWyWQ56TjEq4ih/a4iST3dItRe8Q9fp0rrIl9DoKhWQtUQz/YpOxLkXbNA==

"@jridgewell/sourcemap-codec@^1.4.10":
  version "1.4.13"
  resolved "https://registry.yarnpkg.com/@jridgewell/sourcemap-codec/-/sourcemap-codec-1.4.13.tgz#b6461fb0c2964356c469e115f504c95ad97ab88c"
  integrity sha512-GryiOJmNcWbovBxTfZSF71V/mXbgcV3MewDe3kIMCLyIh5e7SKAeUZs+rMnJ8jkMolZ/4/VsdBmMrw3l+VdZ3w==

"@jridgewell/trace-mapping@0.3.9":
  version "0.3.9"
  resolved "https://registry.yarnpkg.com/@jridgewell/trace-mapping/-/trace-mapping-0.3.9.tgz#6534fd5933a53ba7cbf3a17615e273a0d1273ff9"
  integrity sha512-3Belt6tdc8bPgAtbcmdtNJlirVoTmEb5e2gC94PnkwEW9jI6CAHUeoG85tjWP5WquqfavoMtMwiG4P926ZKKuQ==
  dependencies:
    "@jridgewell/resolve-uri" "^3.0.3"
    "@jridgewell/sourcemap-codec" "^1.4.10"

"@thi.ng/api@^8.9.23":
  version "8.9.23"
  resolved "https://registry.yarnpkg.com/@thi.ng/api/-/api-8.9.23.tgz#5cf7a7b3875eb08511999c760d269f80b54f3f97"
  integrity sha512-3Wcj+v+J/inokRt+lRDP2yy0YjKzhnXadigJGRYT8o6+3tkP9l2SKvW2OwDvOPGUFOFYTIRIyE607ILgK8DCJQ==

"@thi.ng/args@^2.3.12":
  version "2.3.12"
  resolved "https://registry.yarnpkg.com/@thi.ng/args/-/args-2.3.12.tgz#1ebc7201848b4a95d2e4a30e8b8a316390015eed"
  integrity sha512-HlXGJX9r5va8Twe8/qJsoVl8NkVhaJWqXmnEwXZOn97pytsUwpvozDCmXyyxFmT+vx/3PW4MH3FIt5OtvGC/vQ==
  dependencies:
    "@thi.ng/api" "^8.9.23"
    "@thi.ng/checks" "^3.4.23"
    "@thi.ng/errors" "^2.4.16"
    "@thi.ng/logger" "^2.1.10"
    "@thi.ng/strings" "^3.7.14"
    "@thi.ng/text-format" "^2.0.10"

"@thi.ng/arrays@^2.7.20":
  version "2.7.20"
  resolved "https://registry.yarnpkg.com/@thi.ng/arrays/-/arrays-2.7.20.tgz#965589bc9bf4cb12ec79f47fdfbe965ff2e120b8"
  integrity sha512-1pKr2r98sUZdp9UfBOrnYH+Ko5DzCP53PeQJXMokjhOb/xFi6t02phPAiWZMG6EOaXOPTenSGYsXmR7JEs6vCg==
  dependencies:
    "@thi.ng/api" "^8.9.23"
    "@thi.ng/checks" "^3.4.23"
    "@thi.ng/compare" "^2.2.19"
    "@thi.ng/equiv" "^2.1.47"
    "@thi.ng/errors" "^2.4.16"
    "@thi.ng/random" "^3.6.30"

"@thi.ng/associative@^6.3.37":
  version "6.3.37"
  resolved "https://registry.yarnpkg.com/@thi.ng/associative/-/associative-6.3.37.tgz#188c46c451c4fff50d09b683d374da1530af4341"
  integrity sha512-zK2OIy/Xh4bv7Nu1w7wagNyZrYjB1kkpEPPhAgn9J2r5JmA/BGIfDbwkvDMlHv5pq3V2sIVp8BLrP2/gGb2wJQ==
  dependencies:
    "@thi.ng/api" "^8.9.23"
    "@thi.ng/arrays" "^2.7.20"
    "@thi.ng/binary" "^3.4.11"
    "@thi.ng/checks" "^3.4.23"
    "@thi.ng/compare" "^2.2.19"
    "@thi.ng/dcons" "^3.2.90"
    "@thi.ng/equiv" "^2.1.47"
    "@thi.ng/errors" "^2.4.16"
    "@thi.ng/random" "^3.6.30"
    "@thi.ng/transducers" "^8.9.1"
    tslib "^2.6.2"

"@thi.ng/atom@^5.2.30":
  version "5.2.30"
  resolved "https://registry.yarnpkg.com/@thi.ng/atom/-/atom-5.2.30.tgz#007df7ef6da242f2edd6d8a6ab996fe0bb76ddbf"
  integrity sha512-Ge7z+Rmcr81SMdcY6ZAuUb8aPVoC4WBpqL7dwWA1NVyDrfVMEqBPrXO6N5PH4s4VdvRw0+hEf7WgCsc1OeisqA==
  dependencies:
    "@thi.ng/api" "^8.9.23"
    "@thi.ng/equiv" "^2.1.47"
    "@thi.ng/errors" "^2.4.16"
    "@thi.ng/paths" "^5.1.65"
    tslib "^2.6.2"

"@thi.ng/bench@^3.4.25":
  version "3.4.25"
  resolved "https://registry.yarnpkg.com/@thi.ng/bench/-/bench-3.4.25.tgz#e5b6234502f584dc4ba3bd6ea93173efa6a762df"
  integrity sha512-3x2f3XMph5cxVqLfDcpFH6zDvdyLrvZSWMFQqRL0vg6SciXcLOf7iyq23ItSt6cNRLEgGgUWY7l5/Zx2U45Xxw==
  dependencies:
    "@thi.ng/api" "^8.9.23"

"@thi.ng/binary@^3.4.11":
  version "3.4.11"
  resolved "https://registry.yarnpkg.com/@thi.ng/binary/-/binary-3.4.11.tgz#1987aa1dffdbee7d368a342e718c0e901e4a64f6"
  integrity sha512-mnL5aYJWeOj22Ui4/sf2lyhVJ4t6NpvNd2S5JwCYDYumEztp/xLjfn2e2vVfMFP4/z5V5CVQ6CiOje21CI4NtA==
  dependencies:
    "@thi.ng/api" "^8.9.23"

"@thi.ng/checks@^3.4.23":
  version "3.4.23"
  resolved "https://registry.yarnpkg.com/@thi.ng/checks/-/checks-3.4.23.tgz#0ef01388f9f1d230db4391745adebc4444415f9b"
  integrity sha512-fUliOvBgzsfEijrCkP86EaOcEBAXJq+HdewHkyZdCeU4BnlcNmz9AwokmJ10zu7fvp7H/nmlcahJrBvZavu7kw==
  dependencies:
    tslib "^2.6.2"

"@thi.ng/compare@^2.2.19":
  version "2.2.19"
  resolved "https://registry.yarnpkg.com/@thi.ng/compare/-/compare-2.2.19.tgz#c9c87d5e5a284eb9fd5dc2638730fc4f937f35ab"
  integrity sha512-6R8ibgz1GUbdWYtXcu2BxJni6TpQvcUXKMYHGYaDtCCy0rO20V2AvthdDFt0Sko+2zgiovEzHv08K5EwvQ9fiw==
  dependencies:
    "@thi.ng/api" "^8.9.23"

"@thi.ng/compose@^2.1.62":
  version "2.1.62"
  resolved "https://registry.yarnpkg.com/@thi.ng/compose/-/compose-2.1.62.tgz#cc5ab9752f79fd61b7a708be35f84fc528a8b624"
  integrity sha512-kKyCyX3l5H3Lq3OvtI82EKZ26nTlWM2Nd3dhckCElcP90H1ZO07/anL49OaEDCfzLfBxWx9mZLD6uKRMhL8a0Q==
  dependencies:
    "@thi.ng/api" "^8.9.23"
    "@thi.ng/errors" "^2.4.16"

"@thi.ng/date@^2.5.17":
  version "2.5.17"
  resolved "https://registry.yarnpkg.com/@thi.ng/date/-/date-2.5.17.tgz#7c7360ce8f5132a138c080b1bad72c3d0faa1aae"
  integrity sha512-+7P0gnwViasLe2CDPLhd+97dSfOGa0W2rI98+FqMwqTA03Y+noMmq8rLeeCSoGR9kIhMg/1YBN04j1wkpWIlGA==
  dependencies:
    "@thi.ng/api" "^8.9.23"
    "@thi.ng/checks" "^3.4.23"
    "@thi.ng/strings" "^3.7.14"

"@thi.ng/dcons@^3.2.90":
  version "3.2.90"
  resolved "https://registry.yarnpkg.com/@thi.ng/dcons/-/dcons-3.2.90.tgz#0a86ab1c4cc494c2da376061840c87b3fc7d002a"
  integrity sha512-6DVnApC57iulLH9TrLpDQj3MAlREX2FTZF68GRkzcp2ZFYHhCO42I3SYxuDawLMDROm7v2gzJ3ss42jyyityEg==
  dependencies:
    "@thi.ng/api" "^8.9.23"
    "@thi.ng/checks" "^3.4.23"
    "@thi.ng/compare" "^2.2.19"
    "@thi.ng/equiv" "^2.1.47"
    "@thi.ng/errors" "^2.4.16"
    "@thi.ng/random" "^3.6.30"
    "@thi.ng/transducers" "^8.9.1"

"@thi.ng/dgraph@^2.1.95":
  version "2.1.95"
  resolved "https://registry.yarnpkg.com/@thi.ng/dgraph/-/dgraph-2.1.95.tgz#38b75c4949beb91da0c8f7dfbab586857d917aca"
  integrity sha512-hQRE2lv+arCa8P+wOlZHCkqEsmoz3eJ7YYIe4XFHrjoEjzbjfo8jVVPrz11s6eEM2WpCDSB3MzTemMxYNdzlWg==
  dependencies:
    "@thi.ng/api" "^8.9.23"
    "@thi.ng/associative" "^6.3.37"
    "@thi.ng/equiv" "^2.1.47"
    "@thi.ng/errors" "^2.4.16"
    "@thi.ng/transducers" "^8.9.1"

"@thi.ng/equiv@^2.1.47":
  version "2.1.47"
  resolved "https://registry.yarnpkg.com/@thi.ng/equiv/-/equiv-2.1.47.tgz#3b0c04b454b3bc6ee0cc5e6435a6e41240aaff90"
  integrity sha512-N8ET6/cmpecx8IpkwBXg1FRuK+Jsux4fzFgkHn+w73ZdNRLD44UOR+79dTZMG5uuO2msdFbMcN+wIP2mM28C9w==

"@thi.ng/errors@^2.4.16":
  version "2.4.16"
  resolved "https://registry.yarnpkg.com/@thi.ng/errors/-/errors-2.4.16.tgz#6b6d1a47df753ef7e07df96976a1437adb7c02cb"
  integrity sha512-h09VGwPTt4+UDkKpp+xhTnPPilVcobGsHr3w/kPFAo/4pXIIC4QHjGDV98DX/RXfYhRIloPq+dsOKkE3F13jNA==

"@thi.ng/file-io@^1.2.6":
  version "1.2.6"
  resolved "https://registry.yarnpkg.com/@thi.ng/file-io/-/file-io-1.2.6.tgz#8d95a8ffbc16e70f70d67bf1775864f4b8b1fbca"
  integrity sha512-DP3IMHzL9zHoDGHfTFHHX8kJBmOBaS74HKoL+Ny1S9zIcFf2jjxfdsYCWQzHud4Cp6Q+C2QXJjmKKDR8T1QpEA==
  dependencies:
    "@thi.ng/api" "^8.9.23"
    "@thi.ng/checks" "^3.4.23"
    "@thi.ng/hex" "^2.3.35"
    "@thi.ng/logger" "^2.1.10"
    "@thi.ng/random" "^3.6.30"

"@thi.ng/hex@^2.3.35":
  version "2.3.35"
  resolved "https://registry.yarnpkg.com/@thi.ng/hex/-/hex-2.3.35.tgz#3ccef4103d307c5ac12057413ec76e469c548afe"
  integrity sha512-jXlD98GqsJuUGcgYyruTpxq/PQME+UxD0DE3TKEySH0aKhuClYY47zdIre6CNivMHniwGHUHiZT46X32f22dvg==

"@thi.ng/logger@^2.1.10":
  version "2.1.10"
  resolved "https://registry.yarnpkg.com/@thi.ng/logger/-/logger-2.1.10.tgz#317686d59255e1abbd9961d8ce8de644227de908"
  integrity sha512-wlrq0cX2XIXVUJqc+Q3K7Jc3vqaVouV8QuFb9zZwj5CPLbIaN+BTOBNfkQo8/+7uE4rvkSpGPeWLi2TX7Tp8ng==

"@thi.ng/math@^5.9.1":
  version "5.9.1"
  resolved "https://registry.yarnpkg.com/@thi.ng/math/-/math-5.9.1.tgz#6667269aaab3cba47b671e8f75ff4d8d04b95f3f"
  integrity sha512-1oN4i9JgrfWUD5Ac5iUtxLNFARM/f/ULsFm14Mn8sSTaLrfyBXfCpVEqCZQKeGO5MGasa/FdI1utD0XV4ozk9w==
  dependencies:
    "@thi.ng/api" "^8.9.23"

"@thi.ng/memoize@^3.1.57":
  version "3.1.57"
  resolved "https://registry.yarnpkg.com/@thi.ng/memoize/-/memoize-3.1.57.tgz#31a48ba97247fd39f58fc178a9d5dae3f53a5cf2"
  integrity sha512-Vwy7klf3kF6SJeMdV89AtTtyjlz58Bn8I86z+5vj0n45ABNuaDbt9WxO+YHGMx7CjwJAbX+fa/otvN5Aw5/bhQ==
  dependencies:
    "@thi.ng/api" "^8.9.23"

"@thi.ng/paths@^5.1.65":
  version "5.1.65"
  resolved "https://registry.yarnpkg.com/@thi.ng/paths/-/paths-5.1.65.tgz#623ef2d29a5f0e86303deb4c35aaf2f8d8531225"
  integrity sha512-PykZwsfyRZfdpAfjm8m2Q+9giU8PaYkJrEMi8lUA/Stv/xHlpmdwEtAaSL+4hxp5mIF55diOC1oaGyDlc3pryg==
  dependencies:
    "@thi.ng/api" "^8.9.23"
    "@thi.ng/checks" "^3.4.23"
    "@thi.ng/errors" "^2.4.16"

"@thi.ng/random@^3.6.30":
  version "3.6.30"
  resolved "https://registry.yarnpkg.com/@thi.ng/random/-/random-3.6.30.tgz#0992be5456431657a956a596f818a7d5456b1530"
  integrity sha512-FOguqUoGNFI9G0UH7uQV4wfCiUsUC1F6k1Vg1QaDYhKCgdm5dUS1fyjiiGO4yASWXms5KcGMbZk1vblHKlxBxA==
  dependencies:
    "@thi.ng/api" "^8.9.23"
    "@thi.ng/checks" "^3.4.23"
    "@thi.ng/errors" "^2.4.16"
    "@thi.ng/hex" "^2.3.35"

"@thi.ng/rstream@^8.3.2":
  version "8.3.2"
  resolved "https://registry.yarnpkg.com/@thi.ng/rstream/-/rstream-8.3.2.tgz#737d3de6dcd2e38dc6b3dfb8231599389cd523e4"
  integrity sha512-T8lACOM1xE/5HsWgTSQnXfLwBxsrhtjM1Xib5zDxi4v/CLeugdvqq5FfQh0yFt4SztZElWk95MQr0KTK3cKpoA==
  dependencies:
    "@thi.ng/api" "^8.9.23"
    "@thi.ng/arrays" "^2.7.20"
    "@thi.ng/associative" "^6.3.37"
    "@thi.ng/atom" "^5.2.30"
    "@thi.ng/checks" "^3.4.23"
    "@thi.ng/errors" "^2.4.16"
    "@thi.ng/logger" "^2.1.10"
    "@thi.ng/transducers" "^8.9.1"

"@thi.ng/strings@^3.7.14":
  version "3.7.14"
  resolved "https://registry.yarnpkg.com/@thi.ng/strings/-/strings-3.7.14.tgz#299c5b6e8dbff40030271a65f87a164961f5b089"
  integrity sha512-6xz37WbT0d5a4GTBQ6unoux9TSYmo+uxE/qJeEMLDCoDGZSETuB9u58H/tsxaMHTb7lVDc5+jXsTNdO8L+LPHQ==
  dependencies:
    "@thi.ng/api" "^8.9.23"
    "@thi.ng/errors" "^2.4.16"
    "@thi.ng/hex" "^2.3.35"
    "@thi.ng/memoize" "^3.1.57"

"@thi.ng/system@^3.0.2":
  version "3.0.2"
  resolved "https://registry.yarnpkg.com/@thi.ng/system/-/system-3.0.2.tgz#4e2273f8aea78f38e96c1bdcac5b94863bfc3acc"
  integrity sha512-8MLZizNWcFnNqDeXcyViMJtJHPypSRQziZn+ATGF467wZbpXs3II3o77DyZ3Wgb7vGNorLFo79xwVnza0/5aXA==
  dependencies:
    "@thi.ng/api" "^8.9.23"
    "@thi.ng/dgraph" "^2.1.95"
    "@thi.ng/logger" "^2.1.10"

"@thi.ng/text-format@^2.0.10":
  version "2.0.10"
  resolved "https://registry.yarnpkg.com/@thi.ng/text-format/-/text-format-2.0.10.tgz#68e1be29e4868c95bd2a40c130c89f1a57449961"
  integrity sha512-qrE+AYiiWxQlS1f1vkLZcC/sHFT1A7otfxnAI1eOmzsiVAxrckfAH4r7jIhHU9q3T/3GWgprRAOd00dNUwy0hg==
  dependencies:
    "@thi.ng/api" "^8.9.23"
    "@thi.ng/hex" "^2.3.35"
    "@thi.ng/memoize" "^3.1.57"

"@thi.ng/transducers@^8.9.1":
  version "8.9.1"
  resolved "https://registry.yarnpkg.com/@thi.ng/transducers/-/transducers-8.9.1.tgz#7691432d2088e1377376215bc940d29bd1f56c11"
  integrity sha512-9vFP4rV7LlUSSw4tjC82Sj/LdLVlhv7JpSujfrsaFVf1QOeH66YEx9+580yfPKQG/AbLTqabj8T7AbbS8j1WBw==
  dependencies:
    "@thi.ng/api" "^8.9.23"
    "@thi.ng/arrays" "^2.7.20"
    "@thi.ng/checks" "^3.4.23"
    "@thi.ng/compare" "^2.2.19"
    "@thi.ng/compose" "^2.1.62"
    "@thi.ng/errors" "^2.4.16"
    "@thi.ng/math" "^5.9.1"
    "@thi.ng/random" "^3.6.30"

"@tsconfig/node10@^1.0.7":
  version "1.0.8"
  resolved "https://registry.yarnpkg.com/@tsconfig/node10/-/node10-1.0.8.tgz#c1e4e80d6f964fbecb3359c43bd48b40f7cadad9"
  integrity sha512-6XFfSQmMgq0CFLY1MslA/CPUfhIL919M1rMsa5lP2P097N2Wd1sSX0tx1u4olM16fLNhtHZpRhedZJphNJqmZg==

"@tsconfig/node12@^1.0.7":
  version "1.0.9"
  resolved "https://registry.yarnpkg.com/@tsconfig/node12/-/node12-1.0.9.tgz#62c1f6dee2ebd9aead80dc3afa56810e58e1a04c"
  integrity sha512-/yBMcem+fbvhSREH+s14YJi18sp7J9jpuhYByADT2rypfajMZZN4WQ6zBGgBKp53NKmqI36wFYDb3yaMPurITw==

"@tsconfig/node14@^1.0.0":
  version "1.0.1"
  resolved "https://registry.yarnpkg.com/@tsconfig/node14/-/node14-1.0.1.tgz#95f2d167ffb9b8d2068b0b235302fafd4df711f2"
  integrity sha512-509r2+yARFfHHE7T6Puu2jjkoycftovhXRqW328PDXTVGKihlb1P8Z9mMZH04ebyajfRY7dedfGynlrFHJUQCg==

"@tsconfig/node16@^1.0.2":
  version "1.0.2"
  resolved "https://registry.yarnpkg.com/@tsconfig/node16/-/node16-1.0.2.tgz#423c77877d0569db20e1fc80885ac4118314010e"
  integrity sha512-eZxlbI8GZscaGS7kkc/trHTT5xgrjH3/1n2JDwusC9iahPKWMRvRjJSAN5mCXviuTGQ/lHnhvv8Q1YTpnfz9gA==

"@types/node@^20.11.17":
  version "20.11.17"
  resolved "https://registry.yarnpkg.com/@types/node/-/node-20.11.17.tgz#cdd642d0e62ef3a861f88ddbc2b61e32578a9292"
  integrity sha512-QmgQZGWu1Yw9TDyAP9ZzpFJKynYNeOvwMJmaxABfieQoVoiVOS6MN1WSpqpRcbeA5+RW82kraAVxCCJg+780Qw==
  dependencies:
    undici-types "~5.26.4"

acorn-walk@^8.1.1:
  version "8.2.0"
  resolved "https://registry.yarnpkg.com/acorn-walk/-/acorn-walk-8.2.0.tgz#741210f2e2426454508853a2f44d0ab83b7f69c1"
  integrity sha512-k+iyHEuPgSw6SbuDpGQM+06HQUa04DZ3o+F6CSzXMvvI5KMvnaEqXe+YVe555R9nn6GPt404fos4wcgpw12SDA==

acorn@^8.4.1:
  version "8.7.0"
  resolved "https://registry.yarnpkg.com/acorn/-/acorn-8.7.0.tgz#90951fde0f8f09df93549481e5fc141445b791cf"
  integrity sha512-V/LGr1APy+PXIwKebEWrkZPwoeoF+w1jiOBUmuxuiUIaOHtob8Qc9BTrYo7VuI5fR8tqsy+buA2WFooR5olqvQ==

arg@^4.1.0:
  version "4.1.3"
  resolved "https://registry.yarnpkg.com/arg/-/arg-4.1.3.tgz#269fc7ad5b8e42cb63c896d5666017261c144089"
  integrity sha512-58S9QDqG0Xx27YwPSt9fJxivjYl432YCwfDMfZ+71RAqUrZef7LrKQZ3LHLOwCS4FLNBplP533Zx895SeOCHvA==

create-require@^1.1.0:
  version "1.1.1"
  resolved "https://registry.yarnpkg.com/create-require/-/create-require-1.1.1.tgz#c1d7e8f1e5f6cfc9ff65f9cd352d37348756c333"
  integrity sha512-dcKFX3jn0MpIaXjisoRvexIJVEKzaq7z2rZKxf+MSr9TkdmHmsU4m2lcLojrj/FHl8mk5VxMmYA+ftRkP/3oKQ==

diff@^4.0.1:
  version "4.0.2"
  resolved "https://registry.yarnpkg.com/diff/-/diff-4.0.2.tgz#60f3aecb89d5fae520c11aa19efc2bb982aade7d"
  integrity sha512-58lmxKSA4BNyLz+HHMUzlOEpg09FV+ev6ZMe3vJihgdxzgcwZ8VoEEPmALCZG9LmqfVoNMMKpttIYTVG6uDY7A==

dotenv@^16.4.4:
  version "16.4.4"
  resolved "https://registry.yarnpkg.com/dotenv/-/dotenv-16.4.4.tgz#a26e7bb95ebd36272ebb56edb80b826aecf224c1"
  integrity sha512-XvPXc8XAQThSjAbY6cQ/9PcBXmFoWuw1sQ3b8HqUCR6ziGXjkTi//kB9SWa2UwqlgdAIuRqAa/9hVljzPehbYg==

make-error@^1.1.1:
  version "1.3.6"
  resolved "https://registry.yarnpkg.com/make-error/-/make-error-1.3.6.tgz#2eb2e37ea9b67c4891f684a1394799af484cf7a2"
  integrity sha512-s8UhlNe7vPKomQhC1qFelMokr/Sc3AgNbso3n74mVPA5LTZwkB9NlXf4XPamLxJE8h0gh73rM94xvwRT2CVInw==

ts-node@^10.9.2:
  version "10.9.2"
  resolved "https://registry.yarnpkg.com/ts-node/-/ts-node-10.9.2.tgz#70f021c9e185bccdca820e26dc413805c101c71f"
  integrity sha512-f0FFpIdcHgn8zcPSbf1dRevwt047YMnaiJM3u2w2RewrB+fob/zePZcrOyQoLMMO7aBIddLcQIEK5dYjkLnGrQ==
  dependencies:
    "@cspotcode/source-map-support" "^0.8.0"
    "@tsconfig/node10" "^1.0.7"
    "@tsconfig/node12" "^1.0.7"
    "@tsconfig/node14" "^1.0.0"
    "@tsconfig/node16" "^1.0.2"
    acorn "^8.4.1"
    acorn-walk "^8.1.1"
    arg "^4.1.0"
    create-require "^1.1.0"
    diff "^4.0.1"
    make-error "^1.1.1"
    v8-compile-cache-lib "^3.0.1"
    yn "3.1.1"

tslib@^2.6.2:
  version "2.6.2"
  resolved "https://registry.yarnpkg.com/tslib/-/tslib-2.6.2.tgz#703ac29425e7b37cd6fd456e92404d46d1f3e4ae"
  integrity sha512-AEYxH93jGFPn/a2iVAwW87VuUIkR1FVUKB77NwMF7nBTDkDrrT/Hpt/IrCJ0QXhW27jTBDcf5ZY7w6RiqTMw2Q==

typescript@^5.3.3:
  version "5.3.3"
  resolved "https://registry.yarnpkg.com/typescript/-/typescript-5.3.3.tgz#b3ce6ba258e72e6305ba66f5c9b452aaee3ffe37"
  integrity sha512-pXWcraxM0uxAS+tN0AG/BF2TyqmHO014Z070UsJ+pFvYuRSq8KH8DmWpnbXe0pEPDHXZV3FcAbJkijJ5oNEnWw==

undici-types@~5.26.4:
  version "5.26.5"
  resolved "https://registry.yarnpkg.com/undici-types/-/undici-types-5.26.5.tgz#bcd539893d00b56e964fd2657a4866b221a65617"
  integrity sha512-JlCMO+ehdEIKqlFxk6IfVoAUVmgz7cU7zD/h9XZ0qzeosSHmUJVOzSQvvYSYWXkFXC+IfLKSIffhv0sVZup6pA==

v8-compile-cache-lib@^3.0.1:
  version "3.0.1"
  resolved "https://registry.yarnpkg.com/v8-compile-cache-lib/-/v8-compile-cache-lib-3.0.1.tgz#6336e8d71965cb3d35a1bbb7868445a7c05264bf"
  integrity sha512-wa7YjyUGfNZngI/vtK0UHAN+lgDCxBPCylVXGp0zu59Fz5aiGtNXaq3DhIov063MorB+VfufLh3JlF2KdTK3xg==

yn@3.1.1:
  version "3.1.1"
  resolved "https://registry.yarnpkg.com/yn/-/yn-3.1.1.tgz#1e87401a09d767c1d5eab26a6e4c185182d2eb50"
  integrity sha512-Ux4ygGWsu2c7isFWe8Yu1YluJmqVhxqK2cLXNQA5AcC3QfbGNpM7fu0Y8b/z16pXLnFxZYvWhd3fhBY9DLmC6Q==
