# THIS IS AN AUTOGENERATED FILE. DO NOT EDIT THIS FILE DIRECTLY.
# yarn lockfile v1


"@cspotcode/source-map-support@^0.8.0":
  version "0.8.1"
  resolved "https://registry.yarnpkg.com/@cspotcode/source-map-support/-/source-map-support-0.8.1.tgz#00629c35a688e05a88b1cda684fb9d5e73f000a1"
  integrity sha512-IchNf6dN4tHoMFIn/7OE8LWZ19Y6q/67Bmf6vnGREv8RSbBVb9LPJxEcnwrcwX6ixSvaiGoomAUvu4YSxXrVgw==
  dependencies:
    "@jridgewell/trace-mapping" "0.3.9"

"@jridgewell/resolve-uri@^3.0.3":
  version "3.0.7"
  resolved "https://registry.yarnpkg.com/@jridgewell/resolve-uri/-/resolve-uri-3.0.7.tgz#30cd49820a962aff48c8fffc5cd760151fca61fe"
  integrity sha512-8cXDaBBHOr2pQ7j77Y6Vp5VDT2sIqWyWQ56TjEq4ih/a4iST3dItRe8Q9fp0rrIl9DoKhWQtUQz/YpOxLkXbNA==

"@jridgewell/sourcemap-codec@^1.4.10":
  version "1.4.13"
  resolved "https://registry.yarnpkg.com/@jridgewell/sourcemap-codec/-/sourcemap-codec-1.4.13.tgz#b6461fb0c2964356c469e115f504c95ad97ab88c"
  integrity sha512-GryiOJmNcWbovBxTfZSF71V/mXbgcV3MewDe3kIMCLyIh5e7SKAeUZs+rMnJ8jkMolZ/4/VsdBmMrw3l+VdZ3w==

"@jridgewell/trace-mapping@0.3.9":
  version "0.3.9"
  resolved "https://registry.yarnpkg.com/@jridgewell/trace-mapping/-/trace-mapping-0.3.9.tgz#6534fd5933a53ba7cbf3a17615e273a0d1273ff9"
  integrity sha512-3Belt6tdc8bPgAtbcmdtNJlirVoTmEb5e2gC94PnkwEW9jI6CAHUeoG85tjWP5WquqfavoMtMwiG4P926ZKKuQ==
  dependencies:
    "@jridgewell/resolve-uri" "^3.0.3"
    "@jridgewell/sourcemap-codec" "^1.4.10"

"@thi.ng/api@^8.5.1":
  version "8.5.1"
  resolved "https://registry.yarnpkg.com/@thi.ng/api/-/api-8.5.1.tgz#516897af32df4590af231eb1049cd3092366582c"
  integrity sha512-do3TvVxebiorZfZGGClu8kc8vcQJ0al+vRdWGXTgTKeJ/ClLQGsrShIV45TCSJndjOSrjNA4cYgbzLeFKf/CPg==

"@thi.ng/args@^2.2.11":
  version "2.2.11"
  resolved "https://registry.yarnpkg.com/@thi.ng/args/-/args-2.2.11.tgz#d68f159986eb7d7bdbb08c67de6d02469d130e38"
  integrity sha512-SXu7yMhKh9HofZVvYisQTvHb4s0EiM9TfO3oV/LFkcf15nOpdtA7kcEFJg/LE5KWLGTqHbrz4aBrpFt2A55pUA==
  dependencies:
    "@thi.ng/api" "^8.5.1"
    "@thi.ng/checks" "^3.3.4"
    "@thi.ng/errors" "^2.2.5"
    "@thi.ng/strings" "^3.3.19"

"@thi.ng/arrays@^2.4.4":
  version "2.4.4"
  resolved "https://registry.yarnpkg.com/@thi.ng/arrays/-/arrays-2.4.4.tgz#e55cad14166ebe2fa25e5993b772816ddee8e5c3"
  integrity sha512-OE4kh394kyryrpPT0+C2vfv4KfHDzET6oDf2kGJe2bIgDHS09brnb1uRIa/MzxUfG4rLinWmX6d6uNgwBb+rqw==
  dependencies:
    "@thi.ng/api" "^8.5.1"
    "@thi.ng/checks" "^3.3.4"
    "@thi.ng/compare" "^2.1.18"
    "@thi.ng/equiv" "^2.1.14"
    "@thi.ng/errors" "^2.2.5"
    "@thi.ng/random" "^3.3.17"

"@thi.ng/associative@^6.2.18":
  version "6.2.18"
  resolved "https://registry.yarnpkg.com/@thi.ng/associative/-/associative-6.2.18.tgz#9adc1cb3f4755154001743806d9c78718a19e403"
  integrity sha512-BnqAwmBpu9LL/Kpu19iJhpvWHeKLGtpqXUIIGgUMz1EPPJp3kQYcpjwUTCfaidr4UlZBP1PDc0j1z67Q8mbi4A==
  dependencies:
    "@thi.ng/api" "^8.5.1"
    "@thi.ng/arrays" "^2.4.4"
    "@thi.ng/binary" "^3.3.12"
    "@thi.ng/checks" "^3.3.4"
    "@thi.ng/compare" "^2.1.18"
    "@thi.ng/dcons" "^3.2.25"
    "@thi.ng/equiv" "^2.1.14"
    "@thi.ng/errors" "^2.2.5"
    "@thi.ng/transducers" "^8.3.25"
    tslib "^2.4.1"

"@thi.ng/atom@^5.1.24":
  version "5.1.24"
  resolved "https://registry.yarnpkg.com/@thi.ng/atom/-/atom-5.1.24.tgz#ab62df8104515c6a20dc22bc5b54a2f244d17e28"
  integrity sha512-wrhr3D3z8A4lmRL2IbafSLUj/V4y61sOQlTJn5HMEe+1dW5VEUt2X9x2fGPM64hsXIwpvvKMS/xUxSQJ0k58hQ==
  dependencies:
    "@thi.ng/api" "^8.5.1"
    "@thi.ng/equiv" "^2.1.14"
    "@thi.ng/errors" "^2.2.5"
    "@thi.ng/paths" "^5.1.24"
    tslib "^2.4.1"

"@thi.ng/bench@^3.1.19":
  version "3.1.19"
  resolved "https://registry.yarnpkg.com/@thi.ng/bench/-/bench-3.1.19.tgz#7c9b2548fa1b02ecab3ed5d805559f8a32a50dc1"
  integrity sha512-b2YUQTM9Ap2u/8lksbL+1hXtyLhe9rO67ZKKKzc7uK4lXCMdLUZGK38sm2BWsPyj5eceEjUM3UFWh013EEu2xg==
  dependencies:
    "@thi.ng/api" "^8.5.1"

"@thi.ng/binary@^3.3.12":
  version "3.3.12"
  resolved "https://registry.yarnpkg.com/@thi.ng/binary/-/binary-3.3.12.tgz#7affe5e580a94b20137218ac5c889fcd02b05b0d"
  integrity sha512-MUfA8rXGnILLk9OHYBv3JxZImROeRKZn88pN6n3mrpZzmcGZeyqYa8BA31u0OI/ZRZ4/J1pBVAGACowggegTvQ==
  dependencies:
    "@thi.ng/api" "^8.5.1"

"@thi.ng/checks@^3.3.4":
  version "3.3.4"
  resolved "https://registry.yarnpkg.com/@thi.ng/checks/-/checks-3.3.4.tgz#4e94f4128aed43bf5eee4da37fe58819e97c0db3"
  integrity sha512-w0aQzrxungNyDqyo1OLZOmSMRi3VfyWJoSOt5As0vW0LqUq3qEHjbVmwSR3ty7Y44MJUUH2eXCoZ3McfjTApWQ==
  dependencies:
    tslib "^2.4.1"

"@thi.ng/compare@^2.1.18":
  version "2.1.18"
  resolved "https://registry.yarnpkg.com/@thi.ng/compare/-/compare-2.1.18.tgz#04c08f79758cf059a89fc82be53b2acb18fe7b51"
  integrity sha512-1NokQtrt3GZ3gUKVegl3oawypLQgDBSZTpNU+etzpOaiRSmkQT2c46Krb+UTA5N06gwOMBTp1gPCf1+3KXUrHA==
  dependencies:
    "@thi.ng/api" "^8.5.1"

"@thi.ng/compose@^2.1.20":
  version "2.1.20"
  resolved "https://registry.yarnpkg.com/@thi.ng/compose/-/compose-2.1.20.tgz#d29c8ecc904d7e6c0186b1b82818b7897b583cb8"
  integrity sha512-Sj0PnTjgTo0tPdmW445K9/VB3ipwTtjVPLaFczxF7kLcETK8gmA19wa2SHdrVoFsmRTZyw86oPPnI6RQzX77tw==
  dependencies:
    "@thi.ng/api" "^8.5.1"
    "@thi.ng/errors" "^2.2.5"

"@thi.ng/date@^2.3.17":
  version "2.3.17"
  resolved "https://registry.yarnpkg.com/@thi.ng/date/-/date-2.3.17.tgz#975d13c8a9645495127844f1f4df6bab3fe81c2f"
  integrity sha512-yGfpnpD4kgIu+SXj0CwTWah5DLVwq6Qi4b6GzcgE1rnE4kwy/rjc8BYMV+cHfEWOiqDR+jJ7iB5Vr8poCpvnGQ==
  dependencies:
    "@thi.ng/api" "^8.5.1"
    "@thi.ng/checks" "^3.3.4"
    "@thi.ng/strings" "^3.3.19"

"@thi.ng/dcons@^3.2.25":
  version "3.2.25"
  resolved "https://registry.yarnpkg.com/@thi.ng/dcons/-/dcons-3.2.25.tgz#a0b613886ef05f05be066f6ab8d698a6236ab97b"
  integrity sha512-guEWX1Pe0JcFfq4yZD+I4cJA8bGSkcVA3UOCwxE+/+CSJ8/6RibRvwYYxKi7oUexpgpFg1Kw1x78NeOEOYPFyQ==
  dependencies:
    "@thi.ng/api" "^8.5.1"
    "@thi.ng/checks" "^3.3.4"
    "@thi.ng/compare" "^2.1.18"
    "@thi.ng/equiv" "^2.1.14"
    "@thi.ng/errors" "^2.2.5"
    "@thi.ng/random" "^3.3.17"
    "@thi.ng/transducers" "^8.3.25"

"@thi.ng/dgraph@^2.1.30":
  version "2.1.30"
  resolved "https://registry.yarnpkg.com/@thi.ng/dgraph/-/dgraph-2.1.30.tgz#9b5bbe48cf775ef667a880e6071cc0d58f8050a9"
  integrity sha512-+DcIPj/e76zRh1mfVesRH6bQ788LJIvUaVIHoyjpuk5vxwOJGCO3B0lWg0R1IOPHwyleTjjzRyMSrCwbeKTttg==
  dependencies:
    "@thi.ng/api" "^8.5.1"
    "@thi.ng/associative" "^6.2.18"
    "@thi.ng/equiv" "^2.1.14"
    "@thi.ng/errors" "^2.2.5"
    "@thi.ng/transducers" "^8.3.25"

"@thi.ng/equiv@^2.1.14":
  version "2.1.14"
  resolved "https://registry.yarnpkg.com/@thi.ng/equiv/-/equiv-2.1.14.tgz#2d89d726b985abf23bba6e9db28526b813f3bd67"
  integrity sha512-+ppcgtmJlupUQgU1Te6mshwINNRqT3UKO2GItGiDEuWXz1wEwLkvomraYuj1hAD93Lzwl41AZg8g9kg6it7RPw==

"@thi.ng/errors@^2.2.5":
  version "2.2.5"
  resolved "https://registry.yarnpkg.com/@thi.ng/errors/-/errors-2.2.5.tgz#7c9d5a5003a2c71bdbed87d5a8df71fbf57373f5"
  integrity sha512-Vq7JyykJx+bHVbFWexHioSrIBYMfhfml8sO8z6UvEr034oOFBEw2JeMikSxk7uQEjmLX9JjtOscFpfETelxEtg==

"@thi.ng/file-io@^0.3.21":
  version "0.3.21"
  resolved "https://registry.yarnpkg.com/@thi.ng/file-io/-/file-io-0.3.21.tgz#783364d4c7ac3bde9ff7abcc30cb8ad28f8062ba"
  integrity sha512-r7BdP0R5ik83TLzAWi7Dxh2IWDZBwussMkprTlL9FoliRfZAGQYwXJOM/iJ8Oj0ZYJK+cz3HJJ2ytVpO50+2dA==
  dependencies:
    "@thi.ng/api" "^8.5.1"
    "@thi.ng/checks" "^3.3.4"
    "@thi.ng/logger" "^1.4.4"
    "@thi.ng/random" "^3.3.17"

"@thi.ng/hex@^2.3.1":
  version "2.3.1"
  resolved "https://registry.yarnpkg.com/@thi.ng/hex/-/hex-2.3.1.tgz#ae3790a593f2a2b2f055b62a60d88d762f11b885"
  integrity sha512-jSBrcoNSnhdX9/S7+WqF/KwEIrf7h2r1xv2Cz4p0EMRxA+ke7brfygnpko7nXGVlLemPnkemwd4gtV6hnzlEPg==

"@thi.ng/logger@^1.4.4":
  version "1.4.4"
  resolved "https://registry.yarnpkg.com/@thi.ng/logger/-/logger-1.4.4.tgz#44a68248b745d931b74eb2894665b3c75680b2ba"
  integrity sha512-VG77va4cgUvq/lmreQRH335pQ2W1c4ERG/DjL1sFjXGhcHuug583leTQNEl4BVy7JDmr4sSWzM7VQG5vauzyMQ==

"@thi.ng/math@^5.3.15":
  version "5.3.15"
  resolved "https://registry.yarnpkg.com/@thi.ng/math/-/math-5.3.15.tgz#814e4b0ac254606f65a7de8c9aab7da4966da5f5"
  integrity sha512-0qhX8DnL8ayu/5fCDmHSow/fsKRjoLK49qVbWlDv9ykzXOqQBdJt+TKpy7l+EoOzttZu2NamRdN4NRKjpZc4Kg==
  dependencies:
    "@thi.ng/api" "^8.5.1"

"@thi.ng/memoize@^3.1.18":
  version "3.1.18"
  resolved "https://registry.yarnpkg.com/@thi.ng/memoize/-/memoize-3.1.18.tgz#c118a8d0460b8f3e6d1c14e7007dbbca49d234ef"
  integrity sha512-su7T+UQF+YDQg4RaPUkiQ+hckGaYVCyvnbKwnrPRvjFmpvDljbcTMZJ5yhf9qCsfjbn4WoYjELw+wIBi5Ctqyg==
  dependencies:
    "@thi.ng/api" "^8.5.1"

"@thi.ng/paths@^5.1.24":
  version "5.1.24"
  resolved "https://registry.yarnpkg.com/@thi.ng/paths/-/paths-5.1.24.tgz#dd8ab170e31377c41082b133a30bd315ddcb39d7"
  integrity sha512-Gk+RNhVLqgQEvhk3I9bsaTDbaACTTGNR4hbyJ6p3Ue7QJCrDWRji9giVP9f+8fVWyG6I8seSU5xcqt+aZmM3UA==
  dependencies:
    "@thi.ng/api" "^8.5.1"
    "@thi.ng/checks" "^3.3.4"
    "@thi.ng/errors" "^2.2.5"

"@thi.ng/random@^3.3.17":
  version "3.3.17"
  resolved "https://registry.yarnpkg.com/@thi.ng/random/-/random-3.3.17.tgz#dad7fb9d2d1c7ff80e8a8821e426207c8f71b3f9"
  integrity sha512-kStVcKLP1T1OXaBEy5/hO4/QygW+Q4tz+uNdCz0nGy8C8RQ4eEnRPtYtuv53S0bLXq9U9eguUWvHyZBK0l9umw==
  dependencies:
    "@thi.ng/api" "^8.5.1"
    "@thi.ng/checks" "^3.3.4"
    "@thi.ng/errors" "^2.2.5"
    "@thi.ng/hex" "^2.3.1"

"@thi.ng/rstream@^7.2.30":
  version "7.2.30"
  resolved "https://registry.yarnpkg.com/@thi.ng/rstream/-/rstream-7.2.30.tgz#13a263dad0fd2a22bce63acf4265174ca6d8b974"
  integrity sha512-a9aHg0bcBkvGeDyxxq6ed41nUav29EtT7MEWJOluLssk15oDcAgikvRjPFKcsEwyfIyKC2SEDjHgI8ywVNMZXA==
  dependencies:
    "@thi.ng/api" "^8.5.1"
    "@thi.ng/arrays" "^2.4.4"
    "@thi.ng/associative" "^6.2.18"
    "@thi.ng/atom" "^5.1.24"
    "@thi.ng/checks" "^3.3.4"
    "@thi.ng/errors" "^2.2.5"
    "@thi.ng/logger" "^1.4.4"
    "@thi.ng/transducers" "^8.3.25"

"@thi.ng/strings@^3.3.19":
  version "3.3.19"
  resolved "https://registry.yarnpkg.com/@thi.ng/strings/-/strings-3.3.19.tgz#2d02d65dd5f31a1c7230acf91fe292bb51307b99"
  integrity sha512-C/yyDJiyNmyCiFip6NoNgWuu9LgXqJF1LKs0UfPn4SYXGNBhEi+dePGQGjZOmOpvxkJPYOkg7tFyzrnHYyQ40g==
  dependencies:
    "@thi.ng/api" "^8.5.1"
    "@thi.ng/errors" "^2.2.5"
    "@thi.ng/hex" "^2.3.1"
    "@thi.ng/memoize" "^3.1.18"

"@thi.ng/system@^2.1.33":
  version "2.1.33"
  resolved "https://registry.yarnpkg.com/@thi.ng/system/-/system-2.1.33.tgz#87a38995acbf6486082e910e5f53977a9d3fbfdc"
  integrity sha512-jciL4cvQw+/1MKx2CA1OXKjBHhpH3EQ3wo4P9QL5IWGaTddGsbelg2SyhDjMUrPCIDyrIzEK0i1nf8JcWUZpRg==
  dependencies:
    "@thi.ng/api" "^8.5.1"
    "@thi.ng/dgraph" "^2.1.30"
    "@thi.ng/logger" "^1.4.4"

"@thi.ng/text-format@^1.2.11":
  version "1.2.11"
  resolved "https://registry.yarnpkg.com/@thi.ng/text-format/-/text-format-1.2.11.tgz#2e2815ac641d15cec19000db1732054c9e1c6e96"
  integrity sha512-pURTRoKOHv9jXEwL3oN8LlqBs8gFx8FPOJstwXidRNZ9vm0tLpZ5aAx3k2NOnn3beH4mlhVGvLx7K7zQjrLiHQ==
  dependencies:
    "@thi.ng/api" "^8.5.1"
    "@thi.ng/hex" "^2.3.1"
    "@thi.ng/memoize" "^3.1.18"

"@thi.ng/transducers@^8.3.25":
  version "8.3.25"
  resolved "https://registry.yarnpkg.com/@thi.ng/transducers/-/transducers-8.3.25.tgz#b558c5e7d59acbface67aaef3185612b6ab9cdf4"
  integrity sha512-xg/XH75t9royaNdBXDbLts9PaJhpZnNEpchmXYJMeMkrK38wel+N4l4IQ0SLYiR9JUHc5rlBdO/ZpW0Dxi+YVA==
  dependencies:
    "@thi.ng/api" "^8.5.1"
    "@thi.ng/arrays" "^2.4.4"
    "@thi.ng/checks" "^3.3.4"
    "@thi.ng/compare" "^2.1.18"
    "@thi.ng/compose" "^2.1.20"
    "@thi.ng/errors" "^2.2.5"
    "@thi.ng/math" "^5.3.15"
    "@thi.ng/random" "^3.3.17"

"@tsconfig/node10@^1.0.7":
  version "1.0.8"
  resolved "https://registry.yarnpkg.com/@tsconfig/node10/-/node10-1.0.8.tgz#c1e4e80d6f964fbecb3359c43bd48b40f7cadad9"
  integrity sha512-6XFfSQmMgq0CFLY1MslA/CPUfhIL919M1rMsa5lP2P097N2Wd1sSX0tx1u4olM16fLNhtHZpRhedZJphNJqmZg==

"@tsconfig/node12@^1.0.7":
  version "1.0.9"
  resolved "https://registry.yarnpkg.com/@tsconfig/node12/-/node12-1.0.9.tgz#62c1f6dee2ebd9aead80dc3afa56810e58e1a04c"
  integrity sha512-/yBMcem+fbvhSREH+s14YJi18sp7J9jpuhYByADT2rypfajMZZN4WQ6zBGgBKp53NKmqI36wFYDb3yaMPurITw==

"@tsconfig/node14@^1.0.0":
  version "1.0.1"
  resolved "https://registry.yarnpkg.com/@tsconfig/node14/-/node14-1.0.1.tgz#95f2d167ffb9b8d2068b0b235302fafd4df711f2"
  integrity sha512-509r2+yARFfHHE7T6Puu2jjkoycftovhXRqW328PDXTVGKihlb1P8Z9mMZH04ebyajfRY7dedfGynlrFHJUQCg==

"@tsconfig/node16@^1.0.2":
  version "1.0.2"
  resolved "https://registry.yarnpkg.com/@tsconfig/node16/-/node16-1.0.2.tgz#423c77877d0569db20e1fc80885ac4118314010e"
  integrity sha512-eZxlbI8GZscaGS7kkc/trHTT5xgrjH3/1n2JDwusC9iahPKWMRvRjJSAN5mCXviuTGQ/lHnhvv8Q1YTpnfz9gA==

"@types/node@^18.11.9":
  version "18.11.9"
  resolved "https://registry.yarnpkg.com/@types/node/-/node-18.11.9.tgz#02d013de7058cea16d36168ef2fc653464cfbad4"
  integrity sha512-CRpX21/kGdzjOpFsZSkcrXMGIBWMGNIHXXBVFSH+ggkftxg+XYP20TESbh+zFvFj3EQOl5byk0HTRn1IL6hbqg==

acorn-walk@^8.1.1:
  version "8.2.0"
  resolved "https://registry.yarnpkg.com/acorn-walk/-/acorn-walk-8.2.0.tgz#741210f2e2426454508853a2f44d0ab83b7f69c1"
  integrity sha512-k+iyHEuPgSw6SbuDpGQM+06HQUa04DZ3o+F6CSzXMvvI5KMvnaEqXe+YVe555R9nn6GPt404fos4wcgpw12SDA==

acorn@^8.4.1:
  version "8.7.0"
  resolved "https://registry.yarnpkg.com/acorn/-/acorn-8.7.0.tgz#90951fde0f8f09df93549481e5fc141445b791cf"
  integrity sha512-V/LGr1APy+PXIwKebEWrkZPwoeoF+w1jiOBUmuxuiUIaOHtob8Qc9BTrYo7VuI5fR8tqsy+buA2WFooR5olqvQ==

arg@^4.1.0:
  version "4.1.3"
  resolved "https://registry.yarnpkg.com/arg/-/arg-4.1.3.tgz#269fc7ad5b8e42cb63c896d5666017261c144089"
  integrity sha512-58S9QDqG0Xx27YwPSt9fJxivjYl432YCwfDMfZ+71RAqUrZef7LrKQZ3LHLOwCS4FLNBplP533Zx895SeOCHvA==

create-require@^1.1.0:
  version "1.1.1"
  resolved "https://registry.yarnpkg.com/create-require/-/create-require-1.1.1.tgz#c1d7e8f1e5f6cfc9ff65f9cd352d37348756c333"
  integrity sha512-dcKFX3jn0MpIaXjisoRvexIJVEKzaq7z2rZKxf+MSr9TkdmHmsU4m2lcLojrj/FHl8mk5VxMmYA+ftRkP/3oKQ==

diff@^4.0.1:
  version "4.0.2"
  resolved "https://registry.yarnpkg.com/diff/-/diff-4.0.2.tgz#60f3aecb89d5fae520c11aa19efc2bb982aade7d"
  integrity sha512-58lmxKSA4BNyLz+HHMUzlOEpg09FV+ev6ZMe3vJihgdxzgcwZ8VoEEPmALCZG9LmqfVoNMMKpttIYTVG6uDY7A==

dotenv@^16.0.3:
  version "16.0.3"
  resolved "https://registry.yarnpkg.com/dotenv/-/dotenv-16.0.3.tgz#115aec42bac5053db3c456db30cc243a5a836a07"
  integrity sha512-7GO6HghkA5fYG9TYnNxi14/7K9f5occMlp3zXAuSxn7CKCxt9xbNWG7yF8hTCSUchlfWSe3uLmlPfigevRItzQ==

make-error@^1.1.1:
  version "1.3.6"
  resolved "https://registry.yarnpkg.com/make-error/-/make-error-1.3.6.tgz#2eb2e37ea9b67c4891f684a1394799af484cf7a2"
  integrity sha512-s8UhlNe7vPKomQhC1qFelMokr/Sc3AgNbso3n74mVPA5LTZwkB9NlXf4XPamLxJE8h0gh73rM94xvwRT2CVInw==

ts-node@^10.9.1:
  version "10.9.1"
  resolved "https://registry.yarnpkg.com/ts-node/-/ts-node-10.9.1.tgz#e73de9102958af9e1f0b168a6ff320e25adcff4b"
  integrity sha512-NtVysVPkxxrwFGUUxGYhfux8k78pQB3JqYBXlLRZgdGUqTO5wU/UyHop5p70iEbGhB7q5KmiZiU0Y3KlJrScEw==
  dependencies:
    "@cspotcode/source-map-support" "^0.8.0"
    "@tsconfig/node10" "^1.0.7"
    "@tsconfig/node12" "^1.0.7"
    "@tsconfig/node14" "^1.0.0"
    "@tsconfig/node16" "^1.0.2"
    acorn "^8.4.1"
    acorn-walk "^8.1.1"
    arg "^4.1.0"
    create-require "^1.1.0"
    diff "^4.0.1"
    make-error "^1.1.1"
    v8-compile-cache-lib "^3.0.1"
    yn "3.1.1"

tslib@^2.4.1:
  version "2.4.1"
  resolved "https://registry.yarnpkg.com/tslib/-/tslib-2.4.1.tgz#0d0bfbaac2880b91e22df0768e55be9753a5b17e"
  integrity sha512-tGyy4dAjRIEwI7BzsB0lynWgOpfqjUdq91XXAlIWD2OwKBH7oCl/GZG/HT4BOHrTlPMOASlMQ7veyTqpmRcrNA==

typescript@^4.8.4:
  version "4.8.4"
  resolved "https://registry.yarnpkg.com/typescript/-/typescript-4.8.4.tgz#c464abca159669597be5f96b8943500b238e60e6"
  integrity sha512-QCh+85mCy+h0IGff8r5XWzOVSbBO+KfeYrMQh7NJ58QujwcE22u+NUSmUxqF+un70P9GXKxa2HCNiTTMJknyjQ==

v8-compile-cache-lib@^3.0.1:
  version "3.0.1"
  resolved "https://registry.yarnpkg.com/v8-compile-cache-lib/-/v8-compile-cache-lib-3.0.1.tgz#6336e8d71965cb3d35a1bbb7868445a7c05264bf"
  integrity sha512-wa7YjyUGfNZngI/vtK0UHAN+lgDCxBPCylVXGp0zu59Fz5aiGtNXaq3DhIov063MorB+VfufLh3JlF2KdTK3xg==

yn@3.1.1:
  version "3.1.1"
  resolved "https://registry.yarnpkg.com/yn/-/yn-3.1.1.tgz#1e87401a09d767c1d5eab26a6e4c185182d2eb50"
  integrity sha512-Ux4ygGWsu2c7isFWe8Yu1YluJmqVhxqK2cLXNQA5AcC3QfbGNpM7fu0Y8b/z16pXLnFxZYvWhd3fhBY9DLmC6Q==
